
Microsoft Visual Studio Solution File, Format Version 11.00
# Visual Studio 2010
Project("{F2A71F9B-5D33-465A-A702-920D77279786}") = "Ferly", "Ferly\Ferly.fsproj", "{44B17E58-E52D-46AB-846A-C6CB11106E28}"
EndProject
Global
	GlobalSection(SolutionConfigurationPlatforms) = preSolution
		Debug|x86 = Debug|x86
		Release|x86 = Release|x86
	EndGlobalSection
	GlobalSection(ProjectConfigurationPlatforms) = postSolution
		{44B17E58-E52D-46AB-846A-C6CB11106E28}.Debug|x86.ActiveCfg = Debug|x86
		{44B17E58-E52D-46AB-846A-C6CB11106E28}.Debug|x86.Build.0 = Debug|x86
		{44B17E58-E52D-46AB-846A-C6CB11106E28}.Release|x86.ActiveCfg = Release|x86
		{44B17E58-E52D-46AB-846A-C6CB11106E28}.Release|x86.Build.0 = Release|x86
	EndGlobalSection
	GlobalSection(SolutionProperties) = preSolution
		HideSolutionNode = FALSE
	EndGlobalSection
EndGlobal
